
Microsoft Visual Studio Solution File, Format Version 12.00
# Visual Studio Version 17
VisualStudioVersion = 17.14.36301.6 d17.14
MinimumVisualStudioVersion = 10.0.40219.1
Project("{FAE04EC0-301F-11D3-BF4B-00C04F79EFBC}") = "ListaKontaktow", "ListaKontaktow\ListaKontaktow.csproj", "{C2EA502E-805A-4309-A4E3-9D2FAA1924BD}"
EndProject
Global
	GlobalSection(SolutionConfigurationPlatforms) = preSolution
		Debug|Any CPU = Debug|Any CPU
		Release|Any CPU = Release|Any CPU
	EndGlobalSection
	GlobalSection(ProjectConfigurationPlatforms) = postSolution
		{C2EA502E-805A-4309-A4E3-9D2FAA1924BD}.Debug|Any CPU.ActiveCfg = Debug|Any CPU
		{C2EA502E-805A-4309-A4E3-9D2FAA1924BD}.Debug|Any CPU.Build.0 = Debug|Any CPU
		{C2EA502E-805A-4309-A4E3-9D2FAA1924BD}.Release|Any CPU.ActiveCfg = Release|Any CPU
		{C2EA502E-805A-4309-A4E3-9D2FAA1924BD}.Release|Any CPU.Build.0 = Release|Any CPU
	EndGlobalSection
	GlobalSection(SolutionProperties) = preSolution
		HideSolutionNode = FALSE
	EndGlobalSection
	GlobalSection(ExtensibilityGlobals) = postSolution
		SolutionGuid = {BED395C1-6941-40ED-A6F1-36ED2C72B6ED}
	EndGlobalSection
EndGlobal
